{
  "name": "tpp_script",
  "version": "1.0.0",
  "lockfileVersion": 1,
  "requires": true,
  "dependencies": {
    "growly": {
      "version": "1.3.0",
      "resolved": "http://artifactory.intra.xiaojukeji.com:80/artifactory/api/npm/npm/growly/-/growly-1.3.0.tgz",
      "integrity": "sha1-8QdIy+dq+WS3yWyTxrzCivEgwIE="
    },
    "isexe": {
      "version": "2.0.0",
      "resolved": "http://artifactory.intra.xiaojukeji.com:80/artifactory/api/npm/npm/isexe/-/isexe-2.0.0.tgz",
      "integrity": "sha1-6PvzdNxVb/iUehDcsFctYz8s+hA="
    },
    "node-notifier": {
      "version": "5.2.1",
      "resolved": "http://artifactory.intra.xiaojukeji.com:80/artifactory/api/npm/npm/node-notifier/-/node-notifier-5.2.1.tgz",
      "integrity": "sha1-+jE90I9VF9sOJQLldY1mSsafneo=",
      "requires": {
        "growly": "^1.3.0",
        "semver": "^5.4.1",
        "shellwords": "^0.1.1",
        "which": "^1.3.0"
      }
    },
    "semver": {
      "version": "5.5.0",
      "resolved": "http://artifactory.intra.xiaojukeji.com:80/artifactory/api/npm/npm/semver/-/semver-5.5.0.tgz",
      "integrity": "sha1-3Eu8emyp2Rbe5dQ1FvAJK1j3uKs="
    },
    "shellwords": {
      "version": "0.1.1",
      "resolved": "http://artifactory.intra.xiaojukeji.com:80/artifactory/api/npm/npm/shellwords/-/shellwords-0.1.1.tgz",
      "integrity": "sha1-1rkYHBpI05cyTISHHvvPxz/AZUs="
    },
    "which": {
      "version": "1.3.1",
      "resolved": "http://artifactory.intra.xiaojukeji.com:80/artifactory/api/npm/npm/which/-/which-1.3.1.tgz",
      "integrity": "sha1-pFBD1U9YBTFtqNYvn1CRjT2nCwo=",
      "requires": {
        "isexe": "^2.0.0"
      }
    }
  }
}
